{
    "name": "ZUMOAPPNAME",
    "version": "1.0.0",
    "lockfileVersion": 1,
    "requires": true,
    "dependencies": {
        "ansi": {
            "version": "0.3.1",
            "resolved": "https://registry.npmjs.org/ansi/-/ansi-0.3.1.tgz",
            "integrity": "sha1-DELU+xcWDVqa8eSEus4cZpIsGyE="
        },
        "assert-plus": {
            "version": "1.0.0",
            "resolved": "https://registry.npmjs.org/assert-plus/-/assert-plus-1.0.0.tgz",
            "integrity": "sha1-8S4PPF13sLHN2RRpQuTpbB5N1SU="
        },
        "azure-mobile-apps-client": {
            "version": "2.0.1",
            "resolved": "https://registry.npmjs.org/azure-mobile-apps-client/-/azure-mobile-apps-client-2.0.1.tgz",
            "integrity": "sha1-KiqHeZpAmkwjfNBMGTKW+gJ+wgA=",
            "requires": {
                "azure-odata-sql": "0.2.0",
                "azure-query-js": "0.1.0",
                "node-uuid": "1.4.8",
                "verror": "1.10.0"
            }
        },
        "azure-odata-sql": {
            "version": "0.2.0",
            "resolved": "https://registry.npmjs.org/azure-odata-sql/-/azure-odata-sql-0.2.0.tgz",
            "integrity": "sha1-88y3ALxWgnk1kCbT9+hQxUWqUec="
        },
        "azure-query-js": {
            "version": "0.1.0",
            "resolved": "https://registry.npmjs.org/azure-query-js/-/azure-query-js-0.1.0.tgz",
            "integrity": "sha1-o6zHstYlmndeQAbQehc4/RLIltY=",
            "requires": {
                "esprima": "2.7.3"
            }
        },
        "babel-plugin-add-header-comment": {
            "version": "1.0.3",
            "resolved": "https://registry.npmjs.org/babel-plugin-add-header-comment/-/babel-plugin-add-header-comment-1.0.3.tgz",
            "integrity": "sha1-URxJAQYmQNWkgLSsPt1pRBlYUOw="
        },
        "balanced-match": {
            "version": "1.0.0",
            "resolved": "https://registry.npmjs.org/balanced-match/-/balanced-match-1.0.0.tgz",
            "integrity": "sha1-ibTRmasr7kneFk6gK4nORi1xt2c="
        },
        "base64-js": {
            "version": "0.0.8",
            "resolved": "https://registry.npmjs.org/base64-js/-/base64-js-0.0.8.tgz",
            "integrity": "sha1-EQHpVE9KdrG8OybUUsqW16NeeXg="
        },
        "big-integer": {
            "version": "1.6.26",
            "resolved": "https://registry.npmjs.org/big-integer/-/big-integer-1.6.26.tgz",
            "integrity": "sha1-OvFnL6Ytry1eyvrPblqg0l4Cwcg="
        },
        "bplist-parser": {
            "version": "0.1.1",
            "resolved": "https://registry.npmjs.org/bplist-parser/-/bplist-parser-0.1.1.tgz",
            "integrity": "sha1-1g1dzCDLptx+HymbNdPh+V2vuuY=",
            "requires": {
                "big-integer": "1.6.26"
            }
        },
        "brace-expansion": {
            "version": "1.1.8",
            "resolved": "https://registry.npmjs.org/brace-expansion/-/brace-expansion-1.1.8.tgz",
            "integrity": "sha1-wHshHHyVLsH479Uad+8NHTmQopI=",
            "requires": {
                "balanced-match": "1.0.0",
                "concat-map": "0.0.1"
            }
        },
        "concat-map": {
            "version": "0.0.1",
            "resolved": "https://registry.npmjs.org/concat-map/-/concat-map-0.0.1.tgz",
            "integrity": "sha1-2Klr13/Wjfd5OnMDajug1UBdR3s="
        },
        "cordova-android": {
            "version": "7.0.0",
            "resolved": "https://registry.npmjs.org/cordova-android/-/cordova-android-7.0.0.tgz",
            "integrity": "sha1-yVvt/PvDhjsYDE0p7/7E95Nh0Z0=",
            "requires": {
                "android-versions": "1.2.1",
                "cordova-common": "2.2.0",
                "elementtree": "0.1.6",
                "nopt": "3.0.6",
                "properties-parser": "0.2.3",
                "q": "1.5.1",
                "shelljs": "0.5.3"
            },
            "dependencies": {
                "abbrev": {
                    "version": "1.1.1",
                    "bundled": true
                },
                "android-versions": {
                    "version": "1.2.1",
                    "bundled": true
                },
                "ansi": {
                    "version": "0.3.1",
                    "bundled": true
                },
                "balanced-match": {
                    "version": "1.0.0",
                    "bundled": true
                },
                "base64-js": {
                    "version": "0.0.8",
                    "bundled": true
                },
                "big-integer": {
                    "version": "1.6.26",
                    "bundled": true
                },
                "bplist-parser": {
                    "version": "0.1.1",
                    "bundled": true,
                    "requires": {
                        "big-integer": "1.6.26"
                    }
                },
                "brace-expansion": {
                    "version": "1.1.8",
                    "bundled": true,
                    "requires": {
                        "balanced-match": "1.0.0",
                        "concat-map": "0.0.1"
                    }
                },
                "concat-map": {
                    "version": "0.0.1",
                    "bundled": true
                },
                "cordova-common": {
                    "version": "2.2.0",
                    "bundled": true,
                    "requires": {
                        "ansi": "0.3.1",
                        "bplist-parser": "0.1.1",
                        "cordova-registry-mapper": "1.1.15",
                        "elementtree": "0.1.6",
                        "glob": "5.0.15",
                        "minimatch": "3.0.4",
                        "osenv": "0.1.4",
                        "plist": "1.2.0",
                        "q": "1.5.1",
                        "semver": "5.4.1",
                        "shelljs": "0.5.3",
                        "underscore": "1.8.3",
                        "unorm": "1.4.1"
                    }
                },
                "cordova-registry-mapper": {
                    "version": "1.1.15",
                    "bundled": true
                },
                "elementtree": {
                    "version": "0.1.6",
                    "bundled": true,
                    "requires": {
                        "sax": "0.3.5"
                    }
                },
                "glob": {
                    "version": "5.0.15",
                    "bundled": true,
                    "requires": {
                        "inflight": "1.0.6",
                        "inherits": "2.0.3",
                        "minimatch": "3.0.4",
                        "once": "1.4.0",
                        "path-is-absolute": "1.0.1"
                    }
                },
                "inflight": {
                    "version": "1.0.6",
                    "bundled": true,
                    "requires": {
                        "once": "1.4.0",
                        "wrappy": "1.0.2"
                    }
                },
                "inherits": {
                    "version": "2.0.3",
                    "bundled": true
                },
                "lodash": {
                    "version": "3.10.1",
                    "bundled": true
                },
                "minimatch": {
                    "version": "3.0.4",
                    "bundled": true,
                    "requires": {
                        "brace-expansion": "1.1.8"
                    }
                },
                "nopt": {
                    "version": "3.0.6",
                    "bundled": true,
                    "requires": {
                        "abbrev": "1.1.1"
                    }
                },
                "once": {
                    "version": "1.4.0",
                    "bundled": true,
                    "requires": {
                        "wrappy": "1.0.2"
                    }
                },
                "os-homedir": {
                    "version": "1.0.2",
                    "bundled": true
                },
                "os-tmpdir": {
                    "version": "1.0.2",
                    "bundled": true
                },
                "osenv": {
                    "version": "0.1.4",
                    "bundled": true,
                    "requires": {
                        "os-homedir": "1.0.2",
                        "os-tmpdir": "1.0.2"
                    }
                },
                "path-is-absolute": {
                    "version": "1.0.1",
                    "bundled": true
                },
                "plist": {
                    "version": "1.2.0",
                    "bundled": true,
                    "requires": {
                        "base64-js": "0.0.8",
                        "util-deprecate": "1.0.2",
                        "xmlbuilder": "4.0.0",
                        "xmldom": "0.1.27"
                    }
                },
                "properties-parser": {
                    "version": "0.2.3",
                    "bundled": true
                },
                "q": {
                    "version": "1.5.1",
                    "bundled": true
                },
                "sax": {
                    "version": "0.3.5",
                    "bundled": true
                },
                "semver": {
                    "version": "5.4.1",
                    "bundled": true
                },
                "shelljs": {
                    "version": "0.5.3",
                    "bundled": true
                },
                "underscore": {
                    "version": "1.8.3",
                    "bundled": true
                },
                "unorm": {
                    "version": "1.4.1",
                    "bundled": true
                },
                "util-deprecate": {
                    "version": "1.0.2",
                    "bundled": true
                },
                "wrappy": {
                    "version": "1.0.2",
                    "bundled": true
                },
                "xmlbuilder": {
                    "version": "4.0.0",
                    "bundled": true,
                    "requires": {
                        "lodash": "3.10.1"
                    }
                },
                "xmldom": {
                    "version": "0.1.27",
                    "bundled": true
                }
            }
        },
        "cordova-common": {
            "version": "2.2.1",
            "resolved": "https://registry.npmjs.org/cordova-common/-/cordova-common-2.2.1.tgz",
            "integrity": "sha1-cAm8WRcpyqcoWliM/Wp7VM2DTww=",
            "requires": {
                "ansi": "0.3.1",
                "bplist-parser": "0.1.1",
                "cordova-registry-mapper": "1.1.15",
                "elementtree": "0.1.6",
                "glob": "5.0.15",
                "minimatch": "3.0.4",
                "osenv": "0.1.4",
                "plist": "1.2.0",
                "q": "1.5.1",
                "semver": "5.4.1",
                "shelljs": "0.5.3",
                "underscore": "1.8.3",
                "unorm": "1.4.1"
            },
            "dependencies": {
                "elementtree": {
                    "version": "0.1.6",
                    "resolved": "https://registry.npmjs.org/elementtree/-/elementtree-0.1.6.tgz",
                    "integrity": "sha1-KsTEbqMFFsjEy9teOsdBjlkt4gw=",
                    "requires": {
                        "sax": "0.3.5"
                    }
                },
                "sax": {
                    "version": "0.3.5",
                    "resolved": "https://registry.npmjs.org/sax/-/sax-0.3.5.tgz",
                    "integrity": "sha1-iPz8H3PAyLvVt8d2ttPzUB7tBz0="
                }
            }
        },
        "cordova-plugin-inappbrowser": {
            "version": "1.5.0",
            "resolved": "https://registry.npmjs.org/cordova-plugin-inappbrowser/-/cordova-plugin-inappbrowser-1.5.0.tgz",
            "integrity": "sha1-oq4xWM3YtGIc7LkdZHhDYCSci4o="
        },
        "cordova-plugin-whitelist": {
            "version": "1.3.3",
            "resolved": "https://registry.npmjs.org/cordova-plugin-whitelist/-/cordova-plugin-whitelist-1.3.3.tgz",
            "integrity": "sha1-tehezbv+Wu3tQKG/TuI3LmfZb7Q="
        },
        "cordova-registry-mapper": {
            "version": "1.1.15",
            "resolved": "https://registry.npmjs.org/cordova-registry-mapper/-/cordova-registry-mapper-1.1.15.tgz",
            "integrity": "sha1-4kS5GFuBdUc7/2B5MkkFEV+D3Hw="
        },
        "cordova-sqlite-storage": {
            "version": "1.4.8",
            "resolved": "https://registry.npmjs.org/cordova-sqlite-storage/-/cordova-sqlite-storage-1.4.8.tgz",
            "integrity": "sha1-7QzNcsIWgMNymVzPDeFf/mScUpI=",
            "requires": {
                "cordova-sqlite-storage-dependencies": "1.0.0"
            }
        },
        "cordova-sqlite-storage-dependencies": {
            "version": "1.0.0",
            "resolved": "https://registry.npmjs.org/cordova-sqlite-storage-dependencies/-/cordova-sqlite-storage-dependencies-1.0.0.tgz",
            "integrity": "sha1-XwBpLLfkMINH7wzlDgqoqPAtykM="
        },
        "core-util-is": {
            "version": "1.0.2",
            "resolved": "https://registry.npmjs.org/core-util-is/-/core-util-is-1.0.2.tgz",
            "integrity": "sha1-tf1UIgqivFq1eqtxQMlAdUUDwac="
        },
        "elementtree": {
            "version": "0.1.7",
            "resolved": "https://registry.npmjs.org/elementtree/-/elementtree-0.1.7.tgz",
            "integrity": "sha1-mskb5uUvtuYkTE5UpKw+2K6OKcA=",
            "requires": {
                "sax": "1.1.4"
            }
        },
        "esprima": {
            "version": "2.7.3",
            "resolved": "https://registry.npmjs.org/esprima/-/esprima-2.7.3.tgz",
            "integrity": "sha1-luO3DVd59q1JzQMmc9HDEnZ7pYE="
        },
        "extsprintf": {
            "version": "1.4.0",
            "resolved": "https://registry.npmjs.org/extsprintf/-/extsprintf-1.4.0.tgz",
            "integrity": "sha1-4mifjzVvrWLMplo6kcXfX5VRaS8="
        },
        "glob": {
            "version": "5.0.15",
            "resolved": "https://registry.npmjs.org/glob/-/glob-5.0.15.tgz",
            "integrity": "sha1-G8k2ueAvSmA/zCIuz3Yz0wuLk7E=",
            "requires": {
                "inflight": "1.0.6",
                "inherits": "2.0.3",
                "minimatch": "3.0.4",
                "once": "1.4.0",
                "path-is-absolute": "1.0.1"
            }
        },
        "inflight": {
            "version": "1.0.6",
            "resolved": "https://registry.npmjs.org/inflight/-/inflight-1.0.6.tgz",
            "integrity": "sha1-Sb1jMdfQLQwJvJEKEHW6gWW1bfk=",
            "requires": {
                "once": "1.4.0",
                "wrappy": "1.0.2"
            }
        },
        "inherits": {
            "version": "2.0.3",
            "resolved": "https://registry.npmjs.org/inherits/-/inherits-2.0.3.tgz",
            "integrity": "sha1-Yzwsg+PaQqUC9SRmAiSA9CCCYd4="
        },
        "install": {
            "version": "0.8.9",
            "resolved": "https://registry.npmjs.org/install/-/install-0.8.9.tgz",
            "integrity": "sha1-n0tcDRhR74cunfheT3Fi1OXc2+0="
        },
        "lodash": {
            "version": "3.10.1",
            "resolved": "https://registry.npmjs.org/lodash/-/lodash-3.10.1.tgz",
            "integrity": "sha1-W/Rejkm6QYnhfUgnid/RW9FAt7Y="
        },
        "minimatch": {
            "version": "3.0.4",
            "resolved": "https://registry.npmjs.org/minimatch/-/minimatch-3.0.4.tgz",
            "integrity": "sha512-yJHVQEhyqPLUTgt9B83PXu6W3rx4MvvHvSUvToogpwoGDOUQ+yDrR0HRot+yOCdCO7u4hX3pWft6kWBBcqh0UA==",
            "requires": {
                "brace-expansion": "1.1.8"
            }
        },
        "node-uuid": {
            "version": "1.4.8",
            "resolved": "https://registry.npmjs.org/node-uuid/-/node-uuid-1.4.8.tgz",
            "integrity": "sha1-sEDrCSOWivq/jTL7HxfxFn/auQc="
        },
        "once": {
            "version": "1.4.0",
            "resolved": "https://registry.npmjs.org/once/-/once-1.4.0.tgz",
            "integrity": "sha1-WDsap3WWHUsROsF9nFC6753Xa9E=",
            "requires": {
                "wrappy": "1.0.2"
            }
        },
        "os-homedir": {
            "version": "1.0.2",
            "resolved": "https://registry.npmjs.org/os-homedir/-/os-homedir-1.0.2.tgz",
            "integrity": "sha1-/7xJiDNuDoM94MFox+8VISGqf7M="
        },
        "os-tmpdir": {
            "version": "1.0.2",
            "resolved": "https://registry.npmjs.org/os-tmpdir/-/os-tmpdir-1.0.2.tgz",
            "integrity": "sha1-u+Z0BseaqFxc/sdm/lc0VV36EnQ="
        },
        "osenv": {
            "version": "0.1.4",
            "resolved": "https://registry.npmjs.org/osenv/-/osenv-0.1.4.tgz",
            "integrity": "sha1-Qv5tWVPfBsgGS+bxdsPQWqqjRkQ=",
            "requires": {
                "os-homedir": "1.0.2",
                "os-tmpdir": "1.0.2"
            }
        },
        "path-is-absolute": {
            "version": "1.0.1",
            "resolved": "https://registry.npmjs.org/path-is-absolute/-/path-is-absolute-1.0.1.tgz",
            "integrity": "sha1-F0uSaHNVNP+8es5r9TpanhtcX18="
        },
        "phonegap-plugin-push": {
            "version": "2.1.2",
            "resolved": "https://registry.npmjs.org/phonegap-plugin-push/-/phonegap-plugin-push-2.1.2.tgz",
            "integrity": "sha1-9ke0wcOwL6vJTFsjWpFpZeF/Y0s=",
            "requires": {
                "babel-plugin-add-header-comment": "1.0.3",
                "install": "0.8.9"
            }
        },
        "plist": {
            "version": "1.2.0",
            "resolved": "https://registry.npmjs.org/plist/-/plist-1.2.0.tgz",
            "integrity": "sha1-CEtQk93JJQbiWfh0uNmxr7jHlZM=",
            "requires": {
                "base64-js": "0.0.8",
                "util-deprecate": "1.0.2",
                "xmlbuilder": "4.0.0",
                "xmldom": "0.1.27"
            }
        },
        "properties-parser": {
            "version": "0.3.1",
            "resolved": "https://registry.npmjs.org/properties-parser/-/properties-parser-0.3.1.tgz",
            "integrity": "sha1-ExbpU5/7/ZOEXjabIRAiq9R4dxo=",
            "requires": {
                "string.prototype.codepointat": "0.2.0"
            }
        },
        "q": {
            "version": "1.5.1",
            "resolved": "https://registry.npmjs.org/q/-/q-1.5.1.tgz",
            "integrity": "sha1-fjL3W0E4EpHQRhHxvxQQmsAGUdc="
        },
        "sax": {
            "version": "1.1.4",
            "resolved": "https://registry.npmjs.org/sax/-/sax-1.1.4.tgz",
            "integrity": "sha1-dLbTPJrh4AFRDxeakRaFiPGu2qk="
        },
        "semver": {
            "version": "5.4.1",
            "resolved": "https://registry.npmjs.org/semver/-/semver-5.4.1.tgz",
            "integrity": "sha512-WfG/X9+oATh81XtllIo/I8gOiY9EXRdv1cQdyykeXK17YcUW3EXUAi2To4pcH6nZtJPr7ZOpM5OMyWJZm+8Rsg=="
        },
        "shelljs": {
            "version": "0.5.3",
            "resolved": "https://registry.npmjs.org/shelljs/-/shelljs-0.5.3.tgz",
            "integrity": "sha1-xUmCuZbHbvDB5rWfvcWCX1txMRM="
        },
        "string.prototype.codepointat": {
            "version": "0.2.0",
            "resolved": "https://registry.npmjs.org/string.prototype.codepointat/-/string.prototype.codepointat-0.2.0.tgz",
            "integrity": "sha1-aybpvTr8qnvjtCabUm3huCAArHg="
        },
        "underscore": {
            "version": "1.8.3",
            "resolved": "https://registry.npmjs.org/underscore/-/underscore-1.8.3.tgz",
            "integrity": "sha1-Tz+1OxBuYJf8+ctBCfKl6b36UCI="
        },
        "unorm": {
            "version": "1.4.1",
            "resolved": "https://registry.npmjs.org/unorm/-/unorm-1.4.1.tgz",
            "integrity": "sha1-NkIA1fE2RsqLzURJAnEzVhR5IwA="
        },
        "util-deprecate": {
            "version": "1.0.2",
            "resolved": "https://registry.npmjs.org/util-deprecate/-/util-deprecate-1.0.2.tgz",
            "integrity": "sha1-RQ1Nyfpw3nMnYvvS1KKJgUGaDM8="
        },
        "verror": {
            "version": "1.10.0",
            "resolved": "https://registry.npmjs.org/verror/-/verror-1.10.0.tgz",
            "integrity": "sha1-OhBcoXBTr1XW4nDB+CiGguGNpAA=",
            "requires": {
                "assert-plus": "1.0.0",
                "core-util-is": "1.0.2",
                "extsprintf": "1.4.0"
            }
        },
        "wrappy": {
            "version": "1.0.2",
            "resolved": "https://registry.npmjs.org/wrappy/-/wrappy-1.0.2.tgz",
            "integrity": "sha1-tSQ9jz7BqjXxNkYFvA0QNuMKtp8="
        },
        "xmlbuilder": {
            "version": "4.0.0",
            "resolved": "https://registry.npmjs.org/xmlbuilder/-/xmlbuilder-4.0.0.tgz",
            "integrity": "sha1-mLj2UcowqmJANvEn0RzGbce5B6M=",
            "requires": {
                "lodash": "3.10.1"
            }
        },
        "xmldom": {
            "version": "0.1.27",
            "resolved": "https://registry.npmjs.org/xmldom/-/xmldom-0.1.27.tgz",
            "integrity": "sha1-1QH5ezvbQDr4757MIFcxh6rawOk="
        }
    }
}
